// !$*UTF8*$!
{
	archiveVersion = 1;
	classes = {
	};
	objectVersion = 46;
	objects = {

/* Begin PBXBuildFile section */
		210E53531EF7CBFF004D0EC9 /* main.m in Sources */ = {isa = PBXBuildFile; fileRef = 210E53521EF7CBFF004D0EC9 /* main.m */; };
		210E53561EF7CBFF004D0EC9 /* AppDelegate.m in Sources */ = {isa = PBXBuildFile; fileRef = 210E53551EF7CBFF004D0EC9 /* AppDelegate.m */; };
		210E53591EF7CBFF004D0EC9 /* ViewController.m in Sources */ = {isa = PBXBuildFile; fileRef = 210E53581EF7CBFF004D0EC9 /* ViewController.m */; };
		210E535C1EF7CBFF004D0EC9 /* Main.storyboard in Resources */ = {isa = PBXBuildFile; fileRef = 210E535A1EF7CBFF004D0EC9 /* Main.storyboard */; };
		210E535E1EF7CBFF004D0EC9 /* Assets.xcassets in Resources */ = {isa = PBXBuildFile; fileRef = 210E535D1EF7CBFF004D0EC9 /* Assets.xcassets */; };
		210E53611EF7CBFF004D0EC9 /* LaunchScreen.storyboard in Resources */ = {isa = PBXBuildFile; fileRef = 210E535F1EF7CBFF004D0EC9 /* LaunchScreen.storyboard */; };
		2168CF861EFA575B00116D86 /* ZFBScroll.m in Sources */ = {isa = PBXBuildFile; fileRef = 2168CF831EFA575B00116D86 /* ZFBScroll.m */; };
		2168CF871EFA575B00116D86 /* ZFBTable.m in Sources */ = {isa = PBXBuildFile; fileRef = 2168CF851EFA575B00116D86 /* ZFBTable.m */; };
		A9D670928376849CF812DD3F /* libPods-仿支付宝.a in Frameworks */ = {isa = PBXBuildFile; fileRef = F3ADFD4C9AB6C5BCA4A7788A /* libPods-仿支付宝.a */; };
/* End PBXBuildFile section */

/* Begin PBXFileReference section */
		210E534E1EF7CBFF004D0EC9 /* 仿支付宝.app */ = {isa = PBXFileReference; explicitFileType = wrapper.application; includeInIndex = 0; path = "仿支付宝.app"; sourceTree = BUILT_PRODUCTS_DIR; };
		210E53521EF7CBFF004D0EC9 /* main.m */ = {isa = PBXFileReference; lastKnownFileType = sourcecode.c.objc; path = main.m; sourceTree = "<group>"; };
		210E53541EF7CBFF004D0EC9 /* AppDelegate.h */ = {isa = PBXFileReference; lastKnownFileType = sourcecode.c.h; path = AppDelegate.h; sourceTree = "<group>"; };
		210E53551EF7CBFF004D0EC9 /* AppDelegate.m */ = {isa = PBXFileReference; lastKnownFileType = sourcecode.c.objc; path = AppDelegate.m; sourceTree = "<group>"; };
		210E53571EF7CBFF004D0EC9 /* ViewController.h */ = {isa = PBXFileReference; lastKnownFileType = sourcecode.c.h; path = ViewController.h; sourceTree = "<group>"; };
		210E53581EF7CBFF004D0EC9 /* ViewController.m */ = {isa = PBXFileReference; lastKnownFileType = sourcecode.c.objc; path = ViewController.m; sourceTree = "<group>"; };
		210E535B1EF7CBFF004D0EC9 /* Base */ = {isa = PBXFileReference; lastKnownFileType = file.storyboard; name = Base; path = Base.lproj/Main.storyboard; sourceTree = "<group>"; };
		210E535D1EF7CBFF004D0EC9 /* Assets.xcassets */ = {isa = PBXFileReference; lastKnownFileType = folder.assetcatalog; path = Assets.xcassets; sourceTree = "<group>"; };
		210E53601EF7CBFF004D0EC9 /* Base */ = {isa = PBXFileReference; lastKnownFileType = file.storyboard; name = Base; path = Base.lproj/LaunchScreen.storyboard; sourceTree = "<group>"; };
		210E53621EF7CBFF004D0EC9 /* Info.plist */ = {isa = PBXFileReference; lastKnownFileType = text.plist.xml; path = Info.plist; sourceTree = "<group>"; };
		2168CF811EFA575B00116D86 /* ZFBConst.h */ = {isa = PBXFileReference; fileEncoding = 4; lastKnownFileType = sourcecode.c.h; path = ZFBConst.h; sourceTree = "<group>"; };
		2168CF821EFA575B00116D86 /* ZFBScroll.h */ = {isa = PBXFileReference; fileEncoding = 4; lastKnownFileType = sourcecode.c.h; path = ZFBScroll.h; sourceTree = "<group>"; };
		2168CF831EFA575B00116D86 /* ZFBScroll.m */ = {isa = PBXFileReference; fileEncoding = 4; lastKnownFileType = sourcecode.c.objc; path = ZFBScroll.m; sourceTree = "<group>"; };
		2168CF841EFA575B00116D86 /* ZFBTable.h */ = {isa = PBXFileReference; fileEncoding = 4; lastKnownFileType = sourcecode.c.h; path = ZFBTable.h; sourceTree = "<group>"; };
		2168CF851EFA575B00116D86 /* ZFBTable.m */ = {isa = PBXFileReference; fileEncoding = 4; lastKnownFileType = sourcecode.c.objc; path = ZFBTable.m; sourceTree = "<group>"; };
		C801D82DFED9FD39F449D3D2 /* Pods-仿支付宝.debug.xcconfig */ = {isa = PBXFileReference; includeInIndex = 1; lastKnownFileType = text.xcconfig; name = "Pods-仿支付宝.debug.xcconfig"; path = "Pods/Target Support Files/Pods-仿支付宝/Pods-仿支付宝.debug.xcconfig"; sourceTree = "<group>"; };
		D8C17FB87139F7545A56FE28 /* Pods-仿支付宝.release.xcconfig */ = {isa = PBXFileReference; includeInIndex = 1; lastKnownFileType = text.xcconfig; name = "Pods-仿支付宝.release.xcconfig"; path = "Pods/Target Support Files/Pods-仿支付宝/Pods-仿支付宝.release.xcconfig"; sourceTree = "<group>"; };
		F3ADFD4C9AB6C5BCA4A7788A /* libPods-仿支付宝.a */ = {isa = PBXFileReference; explicitFileType = archive.ar; includeInIndex = 0; path = "libPods-仿支付宝.a"; sourceTree = BUILT_PRODUCTS_DIR; };
/* End PBXFileReference section */

/* Begin PBXFrameworksBuildPhase section */
		210E534B1EF7CBFF004D0EC9 /* Frameworks */ = {
			isa = PBXFrameworksBuildPhase;
			buildActionMask = 2147483647;
			files = (
				A9D670928376849CF812DD3F /* libPods-仿支付宝.a in Frameworks */,
			);
			runOnlyForDeploymentPostprocessing = 0;
		};
/* End PBXFrameworksBuildPhase section */

/* Begin PBXGroup section */
		210E53451EF7CBFF004D0EC9 = {
			isa = PBXGroup;
			children = (
				210E53501EF7CBFF004D0EC9 /* 仿支付宝 */,
				210E534F1EF7CBFF004D0EC9 /* Products */,
				A34C2B720AD2F6FE6EA3048B /* Pods */,
				6A66BFBEC54B0821CB98DDF1 /* Frameworks */,
			);
			sourceTree = "<group>";
		};
		210E534F1EF7CBFF004D0EC9 /* Products */ = {
			isa = PBXGroup;
			children = (
				210E534E1EF7CBFF004D0EC9 /* 仿支付宝.app */,
			);
			name = Products;
			sourceTree = "<group>";
		};
		210E53501EF7CBFF004D0EC9 /* 仿支付宝 */ = {
			isa = PBXGroup;
			children = (
				2168CF801EFA575B00116D86 /* AlipayClass */,
				210E535A1EF7CBFF004D0EC9 /* Main.storyboard */,
				210E53571EF7CBFF004D0EC9 /* ViewController.h */,
				210E53581EF7CBFF004D0EC9 /* ViewController.m */,
				210E53511EF7CBFF004D0EC9 /* Supporting Files */,
			);
			path = "仿支付宝";
			sourceTree = "<group>";
		};
		210E53511EF7CBFF004D0EC9 /* Supporting Files */ = {
			isa = PBXGroup;
			children = (
				210E535D1EF7CBFF004D0EC9 /* Assets.xcassets */,
				210E535F1EF7CBFF004D0EC9 /* LaunchScreen.storyboard */,
				210E53621EF7CBFF004D0EC9 /* Info.plist */,
				210E53541EF7CBFF004D0EC9 /* AppDelegate.h */,
				210E53551EF7CBFF004D0EC9 /* AppDelegate.m */,
				210E53521EF7CBFF004D0EC9 /* main.m */,
			);
			name = "Supporting Files";
			sourceTree = "<group>";
		};
		2168CF801EFA575B00116D86 /* AlipayClass */ = {
			isa = PBXGroup;
			children = (
				2168CF811EFA575B00116D86 /* ZFBConst.h */,
				2168CF821EFA575B00116D86 /* ZFBScroll.h */,
				2168CF831EFA575B00116D86 /* ZFBScroll.m */,
				2168CF841EFA575B00116D86 /* ZFBTable.h */,
				2168CF851EFA575B00116D86 /* ZFBTable.m */,
			);
			path = AlipayClass;
			sourceTree = "<group>";
		};
		6A66BFBEC54B0821CB98DDF1 /* Frameworks */ = {
			isa = PBXGroup;
			children = (
				F3ADFD4C9AB6C5BCA4A7788A /* libPods-仿支付宝.a */,
			);
			name = Frameworks;
			sourceTree = "<group>";
		};
		A34C2B720AD2F6FE6EA3048B /* Pods */ = {
			isa = PBXGroup;
			children = (
				C801D82DFED9FD39F449D3D2 /* Pods-仿支付宝.debug.xcconfig */,
				D8C17FB87139F7545A56FE28 /* Pods-仿支付宝.release.xcconfig */,
			);
			name = Pods;
			sourceTree = "<group>";
		};
/* End PBXGroup section */

/* Begin PBXNativeTarget section */
		210E534D1EF7CBFF004D0EC9 /* 仿支付宝 */ = {
			isa = PBXNativeTarget;
			buildConfigurationList = 210E53651EF7CBFF004D0EC9 /* Build configuration list for PBXNativeTarget "仿支付宝" */;
			buildPhases = (
				30E52519BF2849DD53E329EA /* [CP] Check Pods Manifest.lock */,
				210E534A1EF7CBFF004D0EC9 /* Sources */,
				210E534B1EF7CBFF004D0EC9 /* Frameworks */,
				210E534C1EF7CBFF004D0EC9 /* Resources */,
				8BCEA3137CB12AACBDB6759A /* [CP] Embed Pods Frameworks */,
				759AB4E9252284F3CB8ED028 /* [CP] Copy Pods Resources */,
			);
			buildRules = (
			);
			dependencies = (
			);
			name = "仿支付宝";
			productName = "仿支付宝";
			productReference = 210E534E1EF7CBFF004D0EC9 /* 仿支付宝.app */;
			productType = "com.apple.product-type.application";
		};
/* End PBXNativeTarget section */

/* Begin PBXProject section */
		210E53461EF7CBFF004D0EC9 /* Project object */ = {
			isa = PBXProject;
			attributes = {
				LastUpgradeCheck = 0830;
				ORGANIZATIONNAME = xiexin;
				TargetAttributes = {
					210E534D1EF7CBFF004D0EC9 = {
						CreatedOnToolsVersion = 8.3.2;
						DevelopmentTeam = 8DJVMG37WW;
						ProvisioningStyle = Automatic;
					};
				};
			};
			buildConfigurationList = 210E53491EF7CBFF004D0EC9 /* Build configuration list for PBXProject "仿支付宝" */;
			compatibilityVersion = "Xcode 3.2";
			developmentRegion = English;
			hasScannedForEncodings = 0;
			knownRegions = (
				en,
				Base,
			);
			mainGroup = 210E53451EF7CBFF004D0EC9;
			productRefGroup = 210E534F1EF7CBFF004D0EC9 /* Products */;
			projectDirPath = "";
			projectRoot = "";
			targets = (
				210E534D1EF7CBFF004D0EC9 /* 仿支付宝 */,
			);
		};
/* End PBXProject section */

/* Begin PBXResourcesBuildPhase section */
		210E534C1EF7CBFF004D0EC9 /* Resources */ = {
			isa = PBXResourcesBuildPhase;
			buildActionMask = 2147483647;
			files = (
				210E53611EF7CBFF004D0EC9 /* LaunchScreen.storyboard in Resources */,
				210E535E1EF7CBFF004D0EC9 /* Assets.xcassets in Resources */,
				210E535C1EF7CBFF004D0EC9 /* Main.storyboard in Resources */,
			);
			runOnlyForDeploymentPostprocessing = 0;
		};
/* End PBXResourcesBuildPhase section */

/* Begin PBXShellScriptBuildPhase section */
		30E52519BF2849DD53E329EA /* [CP] Check Pods Manifest.lock */ = {
			isa = PBXShellScriptBuildPhase;
			buildActionMask = 2147483647;
			files = (
			);
			inputPaths = (
			);
			name = "[CP] Check Pods Manifest.lock";
			outputPaths = (
			);
			runOnlyForDeploymentPostprocessing = 0;
			shellPath = /bin/sh;
			shellScript = "diff \"${PODS_ROOT}/../Podfile.lock\" \"${PODS_ROOT}/Manifest.lock\" > /dev/null\nif [ $? != 0 ] ; then\n    # print error to STDERR\n    echo \"error: The sandbox is not in sync with the Podfile.lock. Run 'pod install' or update your CocoaPods installation.\" >&2\n    exit 1\nfi\n";
			showEnvVarsInLog = 0;
		};
		759AB4E9252284F3CB8ED028 /* [CP] Copy Pods Resources */ = {
			isa = PBXShellScriptBuildPhase;
			buildActionMask = 2147483647;
			files = (
			);
			inputPaths = (
			);
			name = "[CP] Copy Pods Resources";
			outputPaths = (
			);
			runOnlyForDeploymentPostprocessing = 0;
			shellPath = /bin/sh;
			shellScript = "\"${SRCROOT}/Pods/Target Support Files/Pods-仿支付宝/Pods-仿支付宝-resources.sh\"\n";
			showEnvVarsInLog = 0;
		};
		8BCEA3137CB12AACBDB6759A /* [CP] Embed Pods Frameworks */ = {
			isa = PBXShellScriptBuildPhase;
			buildActionMask = 2147483647;
			files = (
			);
			inputPaths = (
			);
			name = "[CP] Embed Pods Frameworks";
			outputPaths = (
			);
			runOnlyForDeploymentPostprocessing = 0;
			shellPath = /bin/sh;
			shellScript = "\"${SRCROOT}/Pods/Target Support Files/Pods-仿支付宝/Pods-仿支付宝-frameworks.sh\"\n";
			showEnvVarsInLog = 0;
		};
/* End PBXShellScriptBuildPhase section */

/* Begin PBXSourcesBuildPhase section */
		210E534A1EF7CBFF004D0EC9 /* Sources */ = {
			isa = PBXSourcesBuildPhase;
			buildActionMask = 2147483647;
			files = (
				2168CF871EFA575B00116D86 /* ZFBTable.m in Sources */,
				210E53591EF7CBFF004D0EC9 /* ViewController.m in Sources */,
				210E53561EF7CBFF004D0EC9 /* AppDelegate.m in Sources */,
				210E53531EF7CBFF004D0EC9 /* main.m in Sources */,
				2168CF861EFA575B00116D86 /* ZFBScroll.m in Sources */,
			);
			runOnlyForDeploymentPostprocessing = 0;
		};
/* End PBXSourcesBuildPhase section */

/* Begin PBXVariantGroup section */
		210E535A1EF7CBFF004D0EC9 /* Main.storyboard */ = {
			isa = PBXVariantGroup;
			children = (
				210E535B1EF7CBFF004D0EC9 /* Base */,
			);
			name = Main.storyboard;
			sourceTree = "<group>";
		};
		210E535F1EF7CBFF004D0EC9 /* LaunchScreen.storyboard */ = {
			isa = PBXVariantGroup;
			children = (
				210E53601EF7CBFF004D0EC9 /* Base */,
			);
			name = LaunchScreen.storyboard;
			sourceTree = "<group>";
		};
/* End PBXVariantGroup section */

/* Begin XCBuildConfiguration section */
		210E53631EF7CBFF004D0EC9 /* Debug */ = {
			isa = XCBuildConfiguration;
			buildSettings = {
				ALWAYS_SEARCH_USER_PATHS = NO;
				CLANG_ANALYZER_NONNULL = YES;
				CLANG_ANALYZER_NUMBER_OBJECT_CONVERSION = YES_AGGRESSIVE;
				CLANG_CXX_LANGUAGE_STANDARD = "gnu++0x";
				CLANG_CXX_LIBRARY = "libc++";
				CLANG_ENABLE_MODULES = YES;
				CLANG_ENABLE_OBJC_ARC = YES;
				CLANG_WARN_BOOL_CONVERSION = YES;
				CLANG_WARN_CONSTANT_CONVERSION = YES;
				CLANG_WARN_DIRECT_OBJC_ISA_USAGE = YES_ERROR;
				CLANG_WARN_DOCUMENTATION_COMMENTS = YES;
				CLANG_WARN_EMPTY_BODY = YES;
				CLANG_WARN_ENUM_CONVERSION = YES;
				CLANG_WARN_INFINITE_RECURSION = YES;
				CLANG_WARN_INT_CONVERSION = YES;
				CLANG_WARN_OBJC_ROOT_CLASS = YES_ERROR;
				CLANG_WARN_SUSPICIOUS_MOVE = YES;
				CLANG_WARN_UNREACHABLE_CODE = YES;
				CLANG_WARN__DUPLICATE_METHOD_MATCH = YES;
				"CODE_SIGN_IDENTITY[sdk=iphoneos*]" = "iPhone Developer";
				COPY_PHASE_STRIP = NO;
				DEBUG_INFORMATION_FORMAT = dwarf;
				ENABLE_STRICT_OBJC_MSGSEND = YES;
				ENABLE_TESTABILITY = YES;
				GCC_C_LANGUAGE_STANDARD = gnu99;
				GCC_DYNAMIC_NO_PIC = NO;
				GCC_NO_COMMON_BLOCKS = YES;
				GCC_OPTIMIZATION_LEVEL = 0;
				GCC_PREPROCESSOR_DEFINITIONS = (
					"DEBUG=1",
					"$(inherited)",
				);
				GCC_WARN_64_TO_32_BIT_CONVERSION = YES;
				GCC_WARN_ABOUT_RETURN_TYPE = YES_ERROR;
				GCC_WARN_UNDECLARED_SELECTOR = YES;
				GCC_WARN_UNINITIALIZED_AUTOS = YES_AGGRESSIVE;
				GCC_WARN_UNUSED_FUNCTION = YES;
				GCC_WARN_UNUSED_VARIABLE = YES;
				IPHONEOS_DEPLOYMENT_TARGET = 10.3;
				MTL_ENABLE_DEBUG_INFO = YES;
				ONLY_ACTIVE_ARCH = YES;
				SDKROOT = iphoneos;
			};
			name = Debug;
		};
		210E53641EF7CBFF004D0EC9 /* Release */ = {
			isa = XCBuildConfiguration;
			buildSettings = {
				ALWAYS_SEARCH_USER_PATHS = NO;
				CLANG_ANALYZER_NONNULL = YES;
				CLANG_ANALYZER_NUMBER_OBJECT_CONVERSION = YES_AGGRESSIVE;
				CLANG_CXX_LANGUAGE_STANDARD = "gnu++0x";
				CLANG_CXX_LIBRARY = "libc++";
				CLANG_ENABLE_MODULES = YES;
				CLANG_ENABLE_OBJC_ARC = YES;
				CLANG_WARN_BOOL_CONVERSION = YES;
				CLANG_WARN_CONSTANT_CONVERSION = YES;
				CLANG_WARN_DIRECT_OBJC_ISA_USAGE = YES_ERROR;
				CLANG_WARN_DOCUMENTATION_COMMENTS = YES;
				CLANG_WARN_EMPTY_BODY = YES;
				CLANG_WARN_ENUM_CONVERSION = YES;
				CLANG_WARN_INFINITE_RECURSION = YES;
				CLANG_WARN_INT_CONVERSION = YES;
				CLANG_WARN_OBJC_ROOT_CLASS = YES_ERROR;
				CLANG_WARN_SUSPICIOUS_MOVE = YES;
				CLANG_WARN_UNREACHABLE_CODE = YES;
				CLANG_WARN__DUPLICATE_METHOD_MATCH = YES;
				"CODE_SIGN_IDENTITY[sdk=iphoneos*]" = "iPhone Developer";
				COPY_PHASE_STRIP = NO;
				DEBUG_INFORMATION_FORMAT = "dwarf-with-dsym";
				ENABLE_NS_ASSERTIONS = NO;
				ENABLE_STRICT_OBJC_MSGSEND = YES;
				GCC_C_LANGUAGE_STANDARD = gnu99;
				GCC_NO_COMMON_BLOCKS = YES;
				GCC_WARN_64_TO_32_BIT_CONVERSION = YES;
				GCC_WARN_ABOUT_RETURN_TYPE = YES_ERROR;
				GCC_WARN_UNDECLARED_SELECTOR = YES;
				GCC_WARN_UNINITIALIZED_AUTOS = YES_AGGRESSIVE;
				GCC_WARN_UNUSED_FUNCTION = YES;
				GCC_WARN_UNUSED_VARIABLE = YES;
				IPHONEOS_DEPLOYMENT_TARGET = 10.3;
				MTL_ENABLE_DEBUG_INFO = NO;
				SDKROOT = iphoneos;
				VALIDATE_PRODUCT = YES;
			};
			name = Release;
		};
		210E53661EF7CBFF004D0EC9 /* Debug */ = {
			isa = XCBuildConfiguration;
			baseConfigurationReference = C801D82DFED9FD39F449D3D2 /* Pods-仿支付宝.debug.xcconfig */;
			buildSettings = {
				ASSETCATALOG_COMPILER_APPICON_NAME = AppIcon;
				DEVELOPMENT_TEAM = 8DJVMG37WW;
				INFOPLIST_FILE = "仿支付宝/Info.plist";
				IPHONEOS_DEPLOYMENT_TARGET = 8.0;
				LD_RUNPATH_SEARCH_PATHS = "$(inherited) @executable_path/Frameworks";
				PRODUCT_BUNDLE_IDENTIFIER = "com.yishan.----";
				PRODUCT_NAME = "$(TARGET_NAME)";
			};
			name = Debug;
		};
		210E53671EF7CBFF004D0EC9 /* Release */ = {
			isa = XCBuildConfiguration;
			baseConfigurationReference = D8C17FB87139F7545A56FE28 /* Pods-仿支付宝.release.xcconfig */;
			buildSettings = {
				ASSETCATALOG_COMPILER_APPICON_NAME = AppIcon;
				DEVELOPMENT_TEAM = 8DJVMG37WW;
				INFOPLIST_FILE = "仿支付宝/Info.plist";
				IPHONEOS_DEPLOYMENT_TARGET = 8.0;
				LD_RUNPATH_SEARCH_PATHS = "$(inherited) @executable_path/Frameworks";
				PRODUCT_BUNDLE_IDENTIFIER = "com.yishan.----";
				PRODUCT_NAME = "$(TARGET_NAME)";
			};
			name = Release;
		};
/* End XCBuildConfiguration section */

/* Begin XCConfigurationList section */
		210E53491EF7CBFF004D0EC9 /* Build configuration list for PBXProject "仿支付宝" */ = {
			isa = XCConfigurationList;
			buildConfigurations = (
				210E53631EF7CBFF004D0EC9 /* Debug */,
				210E53641EF7CBFF004D0EC9 /* Release */,
			);
			defaultConfigurationIsVisible = 0;
			defaultConfigurationName = Release;
		};
		210E53651EF7CBFF004D0EC9 /* Build configuration list for PBXNativeTarget "仿支付宝" */ = {
			isa = XCConfigurationList;
			buildConfigurations = (
				210E53661EF7CBFF004D0EC9 /* Debug */,
				210E53671EF7CBFF004D0EC9 /* Release */,
			);
			defaultConfigurationIsVisible = 0;
			defaultConfigurationName = Release;
		};
/* End XCConfigurationList section */
	};
	rootObject = 210E53461EF7CBFF004D0EC9 /* Project object */;
}
